
Microsoft Visual Studio Solution File, Format Version 12.00
# Visual Studio Version 17
VisualStudioVersion = 17.4.32804.182
MinimumVisualStudioVersion = 10.0.40219.1
Project("{FAE04EC0-301F-11D3-BF4B-00C04F79EFBC}") = "WpfBlazor", "WpfBlazor\WpfBlazor.csproj", "{C30231D6-4EAC-46F7-B10C-840B07B691C7}"
EndProject
Global
	GlobalSection(SolutionConfigurationPlatforms) = preSolution
		Debug|Any CPU = Debug|Any CPU
		Release|Any CPU = Release|Any CPU
	EndGlobalSection
	GlobalSection(ProjectConfigurationPlatforms) = postSolution
		{C30231D6-4EAC-46F7-B10C-840B07B691C7}.Debug|Any CPU.ActiveCfg = Debug|Any CPU
		{C30231D6-4EAC-46F7-B10C-840B07B691C7}.Debug|Any CPU.Build.0 = Debug|Any CPU
		{C30231D6-4EAC-46F7-B10C-840B07B691C7}.Release|Any CPU.ActiveCfg = Release|Any CPU
		{C30231D6-4EAC-46F7-B10C-840B07B691C7}.Release|Any CPU.Build.0 = Release|Any CPU
	EndGlobalSection
	GlobalSection(SolutionProperties) = preSolution
		HideSolutionNode = FALSE
	EndGlobalSection
	GlobalSection(ExtensibilityGlobals) = postSolution
		SolutionGuid = {1C26C546-9DC1-4E03-B632-9BEC54BA0220}
	EndGlobalSection
EndGlobal
